
Microsoft Visual Studio Solution File, Format Version 12.00
Project("{FAE04EC0-301F-11D3-BF4B-00C04F79EFBC}") = "BookBlish", "BookBlish.csproj", "{727B8174-DE4C-4BED-B0A3-64938C54E513}"
EndProject
Global
	GlobalSection(SolutionConfigurationPlatforms) = preSolution
		Debug|Any CPU = Debug|Any CPU
		Release|Any CPU = Release|Any CPU
	EndGlobalSection
	GlobalSection(ProjectConfigurationPlatforms) = postSolution
		{727B8174-DE4C-4BED-B0A3-64938C54E513}.Debug|Any CPU.ActiveCfg = Debug|Any CPU
		{727B8174-DE4C-4BED-B0A3-64938C54E513}.Debug|Any CPU.Build.0 = Debug|Any CPU
		{727B8174-DE4C-4BED-B0A3-64938C54E513}.Release|Any CPU.ActiveCfg = Release|Any CPU
		{727B8174-DE4C-4BED-B0A3-64938C54E513}.Release|Any CPU.Build.0 = Release|Any CPU
	EndGlobalSection
EndGlobal
